version = 1
revision = 3
requires-python = ">=3.11"

[[package]]
name = "confluent-kafka"
version = "2.14.0"
source = { registry = "https://pypi.org/simple" }
sdist = { url = "https://files.pythonhosted.org/packages/40/52/2c71d8e0b2de51076f90cea05342dc9c20fa14ded11992827680db4bbdfa/confluent_kafka-2.14.0.tar.gz", hash = "sha256:34efddfd06766d1153d10a70c23a98f6035e253a906db8ed04cb0249fc3b0fd2", size = 287868, upload-time = "2026-04-02T11:28:57.862Z" }
wheels = [
    { url = "https://files.pythonhosted.org/packages/6c/87/ae316df6411e87c14acf9d83bff12582a0f45dea76df1b5d2a623701d389/confluent_kafka-2.14.0-cp311-cp311-macosx_10_9_x86_64.whl", hash = "sha256:21c5ce6f388a5bd5d8f102026250faa528694cf7cf71fb6a1b321dad27874c1c", size = 3645064, upload-time = "2026-04-02T11:27:56.259Z" },
    { url = "https://files.pythonhosted.org/packages/41/5f/b154300af17a3f03a8fb071d9e3ec857d60b27191560f323b750966272ba/confluent_kafka-2.14.0-cp311-cp311-macosx_11_0_arm64.whl", hash = "sha256:2eaeabe10c44f8b4c0b879602e804548f2c49eae9e5d40a6d88e372c4c876810", size = 3203249, upload-time = "2026-04-02T11:27:58.556Z" },
    { url = "https://files.pythonhosted.org/packages/a2/5e/2d051982b3097e5bee61e2b38d1c95079db78b6c13bafe750d159fcfe6d1/confluent_kafka-2.14.0-cp311-cp311-manylinux_2_28_aarch64.whl", hash = "sha256:163f30cfe49f56d85d208ddf6db50a64cb4156d85ff0d5925cbf53c9c1ff5229", size = 3734511, upload-time = "2026-04-02T11:28:00.939Z" },
    { url = "https://files.pythonhosted.org/packages/05/fd/17f9982fc7ba905c2f667a6a5b8ce8fd032d42c97235235d35ccee172b70/confluent_kafka-2.14.0-cp311-cp311-manylinux_2_28_x86_64.whl", hash = "sha256:c86583d81b71c097e7fb9b2b7e45aa7e3f43cf23308319e0d6bd6eede3027732", size = 3991298, upload-time = "2026-04-02T11:28:03.375Z" },
    { url = "https://files.pythonhosted.org/packages/3d/16/069b1d090fa76a62dc3c897f2b081f42208cc8ee3c7dfa75d8e0852c9935/confluent_kafka-2.14.0-cp311-cp311-win_amd64.whl", hash = "sha256:74a9af680de1aab2a701c3a4645275374f556cabbf559fa569450fe4f8c61e25", size = 4111893, upload-time = "2026-04-02T11:28:05.799Z" },
    { url = "https://files.pythonhosted.org/packages/12/05/f27091396c1e5fb98844e3e8b114ec7b896d1b54209e796e3946649de2cd/confluent_kafka-2.14.0-cp312-cp312-macosx_10_9_x86_64.whl", hash = "sha256:737b63f2389c9d63f3da0923681aa95abad1cb2f96b10f38192ef19ab727c883", size = 3650743, upload-time = "2026-04-02T11:28:07.697Z" },
    { url = "https://files.pythonhosted.org/packages/9e/49/b9de672412c4290b4719f99ac17b31ff35c64b221e4961a3047f6c1f334f/confluent_kafka-2.14.0-cp312-cp312-macosx_11_0_arm64.whl", hash = "sha256:1610aa31880c874bfa3351d898d6e6cdbfab2a0f9443598fd64425bbc815cb06", size = 3207894, upload-time = "2026-04-02T11:28:09.813Z" },
    { url = "https://files.pythonhosted.org/packages/fb/b6/d892b50a48bbd95e8937d557baf89ffa07fc48bc27f792141476a004334d/confluent_kafka-2.14.0-cp312-cp312-manylinux_2_28_aarch64.whl", hash = "sha256:9cca8929bbc3d68a3299b21239c48def860f04e4661c7a59efe3104ecaea0e08", size = 3739440, upload-time = "2026-04-02T11:28:11.595Z" },
    { url = "https://files.pythonhosted.org/packages/f2/27/04d0f106820219e2621cf9e9a3ab49e910b7a19e55a72a21768b82031a85/confluent_kafka-2.14.0-cp312-cp312-manylinux_2_28_x86_64.whl", hash = "sha256:4d2e4718371c06579f649835239d1acf6ab5386a88f70e9cb9b839855c83c4a9", size = 3995763, upload-time = "2026-04-02T11:28:14.46Z" },
    { url = "https://files.pythonhosted.org/packages/64/d9/46258cefee841d65dda31d20ce61d12f7573e07ef8d26f49169edfd0b0fa/confluent_kafka-2.14.0-cp312-cp312-win_amd64.whl", hash = "sha256:c37aff51512e817316edd6eafa8a2e59745052a7d1e61e09931b1caa11803266", size = 4112399, upload-time = "2026-04-02T11:28:16.264Z" },
    { url = "https://files.pythonhosted.org/packages/26/a3/13ca4b42c580cb8e8d4bc0711467c7c501573f0133dcaf1ed6d7e34abb42/confluent_kafka-2.14.0-cp313-cp313-macosx_13_0_arm64.whl", hash = "sha256:a6dc0e49e8ac99854bd89ec7ac16c54af4488c7617baa633e615320dfbe44b25", size = 3212698, upload-time = "2026-04-02T11:28:18.351Z" },
    { url = "https://files.pythonhosted.org/packages/27/f6/3b4744a8d1b7714500e830a615671d27f76bf64c15966740cc6ee1c960f7/confluent_kafka-2.14.0-cp313-cp313-macosx_13_0_x86_64.whl", hash = "sha256:308c972b23f44e4d0eb3e76b987872c9a7d04148a5a4f29313bbbec3841d75b4", size = 3654148, upload-time = "2026-04-02T11:28:20.532Z" },
    { url = "https://files.pythonhosted.org/packages/48/9b/928775785983a2840c1944a689308e346badb2475765030f8e2a0db21f7a/confluent_kafka-2.14.0-cp313-cp313-manylinux_2_28_aarch64.whl", hash = "sha256:9b0acf2fffa19a6ffc2d6f0b82f3b7f1771f5d3943312438f3532ae69b6f2e83", size = 3739774, upload-time = "2026-04-02T11:28:22.283Z" },
    { url = "https://files.pythonhosted.org/packages/c7/37/c2d7a24f0c12673c763b25c2b32defe3b47b8458ad54befd842b6a3a0cde/confluent_kafka-2.14.0-cp313-cp313-manylinux_2_28_x86_64.whl", hash = "sha256:0023a941dbd8a2325e9e0d13ed1b2236c7d4ff3279b3d99cf06cf1409ab26d22", size = 3996169, upload-time = "2026-04-02T11:28:24.639Z" },
    { url = "https://files.pythonhosted.org/packages/be/fe/4c2e517a404110adbb5b560dafb5d0b3ba36c2af47d52b5508c90f65d5b0/confluent_kafka-2.14.0-cp313-cp313-win_amd64.whl", hash = "sha256:3da898df3ebb866f61312365e9108cbadcfe74fb73af8d03add856542e715cfe", size = 4172080, upload-time = "2026-04-02T11:28:26.801Z" },
    { url = "https://files.pythonhosted.org/packages/f8/07/e217beea9a543c53484144164db337b33ec7f95912cc76f09f03fbc6ee7f/confluent_kafka-2.14.0-cp314-cp314-macosx_13_0_arm64.whl", hash = "sha256:05bbf9745cadb1a6fd3b03508572d2cd5455d8d9960a437537ddac9d3f89ee49", size = 3212541, upload-time = "2026-04-02T11:28:28.882Z" },
    { url = "https://files.pythonhosted.org/packages/5c/73/cbb44df7afa3ac8746e0ebc37be5f457d0e91e32648c144226da26c5f682/confluent_kafka-2.14.0-cp314-cp314-macosx_13_0_x86_64.whl", hash = "sha256:32a72ff85d7b4428532aa477b8dfa4223a5c69f4e90fecaa64e1924cc99a06b6", size = 3653993, upload-time = "2026-04-02T11:28:31.042Z" },
    { url = "https://files.pythonhosted.org/packages/ae/49/49d9e62ff70a06e68c96dd65d8e621583e6b51682ccc08051ec585bfdf96/confluent_kafka-2.14.0-cp314-cp314-manylinux_2_28_aarch64.whl", hash = "sha256:4fd75d53e0e36f7ff9c5454f7a3cf4a54790db3bfda169c3b582ddc97111f6f6", size = 3739535, upload-time = "2026-04-02T11:28:32.844Z" },
    { url = "https://files.pythonhosted.org/packages/33/6a/df467787418c24e063ed0c19e96aedf05c26eabc32d8adc75235d45d830b/confluent_kafka-2.14.0-cp314-cp314-manylinux_2_28_x86_64.whl", hash = "sha256:eb17528ec7b177ec5e38214852f3dadb5d77172e0fb25c7c992c0cbc3dcfbaa2", size = 3995845, upload-time = "2026-04-02T11:28:34.538Z" },
    { url = "https://files.pythonhosted.org/packages/f0/0a/c5ce2a48ece0ae2dd050ab28d4cd81b9efc610276a4e72f622582f5371d3/confluent_kafka-2.14.0-cp314-cp314-win_amd64.whl", hash = "sha256:578afb532ded604cb98174a14a88847367191bcbe4f52a1661f5238dc5cf75dd", size = 4290326, upload-time = "2026-04-02T11:28:36.679Z" },
]

[[package]]
name = "events-producer"
version = "0.1.0"
source = { virtual = "." }
dependencies = [
    { name = "confluent-kafka" },
]

[package.metadata]
requires-dist = [{ name = "confluent-kafka", specifier = ">=2.3.0" }]
